
Microsoft Visual Studio Solution File, Format Version 12.00
# Visual Studio Version 16
VisualStudioVersion = 16.0.29409.12
MinimumVisualStudioVersion = 10.0.40219.1
Project("{9A19103F-16F7-4668-BE54-9A1E7A4F7556}") = "Promises", "..\AsyncTypes\Promises.csproj", "{E2E1E3CD-C6B0-4F56-B379-ABB08DDD2194}"
EndProject
Project("{9A19103F-16F7-4668-BE54-9A1E7A4F7556}") = "Promises.Console", "..\ConsoleApp1\Promises.Console.csproj", "{58A584CF-B602-41D0-AFEF-DF55108E25D8}"
EndProject
Project("{9A19103F-16F7-4668-BE54-9A1E7A4F7556}") = "Concurrent", "Concurrent\Concurrent.csproj", "{E646E46C-BDFF-49C3-BE4C-F99DB7594B30}"
EndProject
Project("{9A19103F-16F7-4668-BE54-9A1E7A4F7556}") = "Concurrent.Tests", "Concurrent.Tests\Concurrent.Tests.csproj", "{9D259D4D-1487-4674-991B-3F7FB50D35D4}"
EndProject
Project("{FAE04EC0-301F-11D3-BF4B-00C04F79EFBC}") = "Concurrent.Console", "Concurrent.Console\Concurrent.Console.csproj", "{2E9BF0EB-0082-4B4B-A825-D47267C6F708}"
EndProject
Global
	GlobalSection(SolutionConfigurationPlatforms) = preSolution
		Debug|Any CPU = Debug|Any CPU
		Release|Any CPU = Release|Any CPU
	EndGlobalSection
	GlobalSection(ProjectConfigurationPlatforms) = postSolution
		{E2E1E3CD-C6B0-4F56-B379-ABB08DDD2194}.Debug|Any CPU.ActiveCfg = Debug|Any CPU
		{E2E1E3CD-C6B0-4F56-B379-ABB08DDD2194}.Debug|Any CPU.Build.0 = Debug|Any CPU
		{E2E1E3CD-C6B0-4F56-B379-ABB08DDD2194}.Release|Any CPU.ActiveCfg = Release|Any CPU
		{E2E1E3CD-C6B0-4F56-B379-ABB08DDD2194}.Release|Any CPU.Build.0 = Release|Any CPU
		{58A584CF-B602-41D0-AFEF-DF55108E25D8}.Debug|Any CPU.ActiveCfg = Debug|Any CPU
		{58A584CF-B602-41D0-AFEF-DF55108E25D8}.Debug|Any CPU.Build.0 = Debug|Any CPU
		{58A584CF-B602-41D0-AFEF-DF55108E25D8}.Release|Any CPU.ActiveCfg = Release|Any CPU
		{58A584CF-B602-41D0-AFEF-DF55108E25D8}.Release|Any CPU.Build.0 = Release|Any CPU
		{E646E46C-BDFF-49C3-BE4C-F99DB7594B30}.Debug|Any CPU.ActiveCfg = Debug|Any CPU
		{E646E46C-BDFF-49C3-BE4C-F99DB7594B30}.Debug|Any CPU.Build.0 = Debug|Any CPU
		{E646E46C-BDFF-49C3-BE4C-F99DB7594B30}.Release|Any CPU.ActiveCfg = Release|Any CPU
		{E646E46C-BDFF-49C3-BE4C-F99DB7594B30}.Release|Any CPU.Build.0 = Release|Any CPU
		{9D259D4D-1487-4674-991B-3F7FB50D35D4}.Debug|Any CPU.ActiveCfg = Debug|Any CPU
		{9D259D4D-1487-4674-991B-3F7FB50D35D4}.Debug|Any CPU.Build.0 = Debug|Any CPU
		{9D259D4D-1487-4674-991B-3F7FB50D35D4}.Release|Any CPU.ActiveCfg = Release|Any CPU
		{9D259D4D-1487-4674-991B-3F7FB50D35D4}.Release|Any CPU.Build.0 = Release|Any CPU
		{2E9BF0EB-0082-4B4B-A825-D47267C6F708}.Debug|Any CPU.ActiveCfg = Debug|Any CPU
		{2E9BF0EB-0082-4B4B-A825-D47267C6F708}.Debug|Any CPU.Build.0 = Debug|Any CPU
		{2E9BF0EB-0082-4B4B-A825-D47267C6F708}.Release|Any CPU.ActiveCfg = Release|Any CPU
		{2E9BF0EB-0082-4B4B-A825-D47267C6F708}.Release|Any CPU.Build.0 = Release|Any CPU
	EndGlobalSection
	GlobalSection(SolutionProperties) = preSolution
		HideSolutionNode = FALSE
	EndGlobalSection
	GlobalSection(ExtensibilityGlobals) = postSolution
		SolutionGuid = {DA8A7C54-9912-4355-8CDC-FFE4521E7B41}
	EndGlobalSection
EndGlobal
